<?xml version="1.0" encoding="utf-8"?>
<Project ToolsVersion="4.0" xmlns="http://schemas.microsoft.com/developer/msbuild/2003">
  <ItemGroup>
    <Filter Include="File di origine">
      <UniqueIdentifier>{4FC737F1-C7A5-4376-A066-2A32D752A2FF}</UniqueIdentifier>
      <Extensions>cpp;c;cc;cxx;c++;cppm;ixx;def;odl;idl;hpj;bat;asm;asmx</Extensions>
    </Filter>
    <Filter Include="File di intestazione">
      <UniqueIdentifier>{93995380-89BD-4b04-88EB-625FBE52EBFB}</UniqueIdentifier>
      <Extensions>h;hh;hpp;hxx;h++;hm;inl;inc;ipp;xsd</Extensions>
    </Filter>
    <Filter Include="File di risorse">
      <UniqueIdentifier>{67DA6AB6-F800-4c08-8B7A-83BB121AAD01}</UniqueIdentifier>
      <Extensions>rc;ico;cur;bmp;dlg;rc2;rct;bin;rgs;gif;jpg;jpeg;jpe;resx;tiff;tif;png;wav;mfcribbon-ms</Extensions>
    </Filter>
    <Filter Include="SerialPort">
      <UniqueIdentifier>{6f7eae24-498c-486c-8843-54d653846f54}</UniqueIdentifier>
    </Filter>
    <Filter Include="RegKeys">
      <UniqueIdentifier>{73a9cc56-e893-4f7f-9268-9c1216090bcf}</UniqueIdentifier>
    </Filter>
    <Filter Include="Logger">
      <UniqueIdentifier>{ba96950c-6fd2-4658-94fb-64485bf0176a}</UniqueIdentifier>
    </Filter>
  </ItemGroup>
  <ItemGroup>
    <ClCompile Include="main.cpp">
      <Filter>File di origine</Filter>
    </ClCompile>
    <ClCompile Include="SerialPort.cpp">
      <Filter>SerialPort</Filter>
    </ClCompile>
    <ClCompile Include="logger.cpp">
      <Filter>Logger</Filter>
    </ClCompile>
  </ItemGroup>
  <ItemGroup>
    <ClInclude Include="SerialPort.hpp">
      <Filter>SerialPort</Filter>
    </ClInclude>
    <ClInclude Include="common.hpp">
      <Filter>File di intestazione</Filter>
    </ClInclude>
    <ClInclude Include="enumerateValues.hpp">
      <Filter>RegKeys</Filter>
    </ClInclude>
    <ClInclude Include="enumerateSubKeys.hpp">
      <Filter>RegKeys</Filter>
    </ClInclude>
    <ClInclude Include="logger.hpp">
      <Filter>Logger</Filter>
    </ClInclude>
  </ItemGroup>
</Project>